
Microsoft Visual Studio Solution File, Format Version 12.00
# Visual Studio Version 17
VisualStudioVersion = 17.8.34601.278
MinimumVisualStudioVersion = 10.0.40219.1
Project("{FAE04EC0-301F-11D3-BF4B-00C04F79EFBC}") = "BACK-END-CLINICA", "BACK-END-CLINICA\BACK-END-CLINICA.csproj", "{6F1ACF7B-8B0E-4B59-A589-E457E0FB439A}"
EndProject
Global
	GlobalSection(SolutionConfigurationPlatforms) = preSolution
		Debug|Any CPU = Debug|Any CPU
		Release|Any CPU = Release|Any CPU
	EndGlobalSection
	GlobalSection(ProjectConfigurationPlatforms) = postSolution
		{6F1ACF7B-8B0E-4B59-A589-E457E0FB439A}.Debug|Any CPU.ActiveCfg = Debug|Any CPU
		{6F1ACF7B-8B0E-4B59-A589-E457E0FB439A}.Debug|Any CPU.Build.0 = Debug|Any CPU
		{6F1ACF7B-8B0E-4B59-A589-E457E0FB439A}.Release|Any CPU.ActiveCfg = Release|Any CPU
		{6F1ACF7B-8B0E-4B59-A589-E457E0FB439A}.Release|Any CPU.Build.0 = Release|Any CPU
	EndGlobalSection
	GlobalSection(SolutionProperties) = preSolution
		HideSolutionNode = FALSE
	EndGlobalSection
	GlobalSection(ExtensibilityGlobals) = postSolution
		SolutionGuid = {F2A45D14-D940-4FE6-B37A-B5BD894DC448}
	EndGlobalSection
EndGlobal
